<?xml version="1.0" encoding="utf-8"?>
<Project ToolsVersion="4.0" xmlns="http://schemas.microsoft.com/developer/msbuild/2003">
  <ItemGroup>
    <Filter Include="Source Files">
      <UniqueIdentifier>{4FC737F1-C7A5-4376-A066-2A32D752A2FF}</UniqueIdentifier>
      <Extensions>cpp;c;cc;cxx;c++;def;odl;idl;hpj;bat;asm;asmx</Extensions>
    </Filter>
    <Filter Include="Header Files">
      <UniqueIdentifier>{93995380-89BD-4b04-88EB-625FBE52EBFB}</UniqueIdentifier>
      <Extensions>h;hh;hpp;hxx;h++;hm;inl;inc;ipp;xsd</Extensions>
    </Filter>
    <Filter Include="Resource Files">
      <UniqueIdentifier>{67DA6AB6-F800-4c08-8B7A-83BB121AAD01}</UniqueIdentifier>
      <Extensions>rc;ico;cur;bmp;dlg;rc2;rct;bin;rgs;gif;jpg;jpeg;jpe;resx;tiff;tif;png;wav;mfcribbon-ms</Extensions>
    </Filter>
  </ItemGroup>
  <ItemGroup>
    <ClCompile Include="..\Primatte\algorithmprimatte.cpp">
      <Filter>Source Files</Filter>
    </ClCompile>
    <ClCompile Include="..\Primatte\alphalocator.cpp">
      <Filter>Source Files</Filter>
    </ClCompile>
    <ClCompile Include="..\Primatte\application.cpp">
      <Filter>Source Files</Filter>
    </ClCompile>
    <ClCompile Include="..\Primatte\averagebackgroundcolourlocators.cpp">
      <Filter>Source Files</Filter>
    </ClCompile>
    <ClCompile Include="..\Primatte\boundingpolyhedron.cpp">
      <Filter>Source Files</Filter>
    </ClCompile>
    <ClCompile Include="..\Primatte\coloursegmenters.cpp">
      <Filter>Source Files</Filter>
    </ClCompile>
    <ClCompile Include="..\Primatte\fittingalgorithms.cpp">
      <Filter>Source Files</Filter>
    </ClCompile>
    <ClCompile Include="..\Primatte\inputassembler.cpp">
      <Filter>Source Files</Filter>
    </ClCompile>
    <ClCompile Include="..\Primatte\io.cpp">
      <Filter>Source Files</Filter>
    </ClCompile>
    <ClCompile Include="..\Primatte\main.cpp">
      <Filter>Source Files</Filter>
    </ClCompile>
    <ClCompile Include="..\Primatte\matrixd.cpp">
      <Filter>Source Files</Filter>
    </ClCompile>
    <ClCompile Include="..\Primatte\spherepolyhedron.cpp">
      <Filter>Source Files</Filter>
    </ClCompile>
  </ItemGroup>
  <ItemGroup>
    <ClInclude Include="..\Primatte\algorithmprimatte.h">
      <Filter>Header Files</Filter>
    </ClInclude>
    <ClInclude Include="..\Primatte\alphalocator.h">
      <Filter>Header Files</Filter>
    </ClInclude>
    <ClInclude Include="..\Primatte\application.h">
      <Filter>Header Files</Filter>
    </ClInclude>
    <ClInclude Include="..\Primatte\averagebackgroundcolourlocators.h">
      <Filter>Header Files</Filter>
    </ClInclude>
    <ClInclude Include="..\Primatte\boundingpolyhedron.h">
      <Filter>Header Files</Filter>
    </ClInclude>
    <ClInclude Include="..\Primatte\coloursegmenters.h">
      <Filter>Header Files</Filter>
    </ClInclude>
    <ClInclude Include="..\Primatte\fittingalgorithms.h">
      <Filter>Header Files</Filter>
    </ClInclude>
    <ClInclude Include="..\Primatte\ialgorithm.h">
      <Filter>Header Files</Filter>
    </ClInclude>
    <ClInclude Include="..\Primatte\ialphalocator.h">
      <Filter>Header Files</Filter>
    </ClInclude>
    <ClInclude Include="..\Primatte\iaveragebackgroundcolourlocator.h">
      <Filter>Header Files</Filter>
    </ClInclude>
    <ClInclude Include="..\Primatte\icoloursegmenter.h">
      <Filter>Header Files</Filter>
    </ClInclude>
    <ClInclude Include="..\Primatte\ifittingalgorithm.h">
      <Filter>Header Files</Filter>
    </ClInclude>
    <ClInclude Include="..\Primatte\inputassembler.h">
      <Filter>Header Files</Filter>
    </ClInclude>
    <ClInclude Include="..\Primatte\io.h">
      <Filter>Header Files</Filter>
    </ClInclude>
    <ClInclude Include="..\Primatte\matrixd.h">
      <Filter>Header Files</Filter>
    </ClInclude>
    <ClInclude Include="..\Primatte\spherepolyhedron.h">
      <Filter>Header Files</Filter>
    </ClInclude>
  </ItemGroup>
  <ItemGroup>
    <None Include="..\Primatte\Makefile" />
    <None Include="..\Primatte\Primatte.pro" />
    <None Include="..\Primatte\Primatte.pro.user" />
  </ItemGroup>
</Project>